// !$*UTF8*$!
{
	archiveVersion = 1;
	classes = {
	};
	objectVersion = 56;
	objects = {

/* Begin PBXBuildFile section */
		1F0EDCA82B982D1400C73CD6 /* ProductCatalogApp.swift in Sources */ = {isa = PBXBuildFile; fileRef = 1F0EDCA72B982D1400C73CD6 /* ProductCatalogApp.swift */; };
		1F0EDCAC2B982D1500C73CD6 /* Assets.xcassets in Resources */ = {isa = PBXBuildFile; fileRef = 1F0EDCAB2B982D1500C73CD6 /* Assets.xcassets */; };
		1F0EDCAF2B982D1500C73CD6 /* Preview Assets.xcassets in Resources */ = {isa = PBXBuildFile; fileRef = 1F0EDCAE2B982D1500C73CD6 /* Preview Assets.xcassets */; };
		1F0EDCBB2B982D5C00C73CD6 /* HomeView.swift in Sources */ = {isa = PBXBuildFile; fileRef = 1F0EDCBA2B982D5C00C73CD6 /* HomeView.swift */; };
		1F0EDCBD2B982DF800C73CD6 /* HomeController.swift in Sources */ = {isa = PBXBuildFile; fileRef = 1F0EDCBC2B982DF800C73CD6 /* HomeController.swift */; };
		1F0EDCBF2B982F5F00C73CD6 /* Product.swift in Sources */ = {isa = PBXBuildFile; fileRef = 1F0EDCBE2B982F5F00C73CD6 /* Product.swift */; };
		1F0EDCC32B98360B00C73CD6 /* Protocols.swift in Sources */ = {isa = PBXBuildFile; fileRef = 1F0EDCC22B98360B00C73CD6 /* Protocols.swift */; };
		1F0EDCC52B98365F00C73CD6 /* DataServices.swift in Sources */ = {isa = PBXBuildFile; fileRef = 1F0EDCC42B98365F00C73CD6 /* DataServices.swift */; };
		1F0EDCC72B984BD500C73CD6 /* ViewModifiers.swift in Sources */ = {isa = PBXBuildFile; fileRef = 1F0EDCC62B984BD500C73CD6 /* ViewModifiers.swift */; };
		1F0EDCC92B98525600C73CD6 /* Constants.swift in Sources */ = {isa = PBXBuildFile; fileRef = 1F0EDCC82B98525600C73CD6 /* Constants.swift */; };
		1F0EDCCB2B98729300C73CD6 /* ProductCatalogView.swift in Sources */ = {isa = PBXBuildFile; fileRef = 1F0EDCCA2B98729300C73CD6 /* ProductCatalogView.swift */; };
		1F0EDCCE2B995BDB00C73CD6 /* ProductDetailView.swift in Sources */ = {isa = PBXBuildFile; fileRef = 1F0EDCCD2B995BDB00C73CD6 /* ProductDetailView.swift */; };
		1F0EDCD02B995E5000C73CD6 /* ImageSliderView.swift in Sources */ = {isa = PBXBuildFile; fileRef = 1F0EDCCF2B995E5000C73CD6 /* ImageSliderView.swift */; };
		1F0EDCF82B99D06100C73CD6 /* ProductCatalog_Tests.swift in Sources */ = {isa = PBXBuildFile; fileRef = 1F0EDCF72B99D06100C73CD6 /* ProductCatalog_Tests.swift */; };
		1F0EDCFF2B99D14300C73CD6 /* HomeController_Tests.swift in Sources */ = {isa = PBXBuildFile; fileRef = 1F0EDCFE2B99D14300C73CD6 /* HomeController_Tests.swift */; };
/* End PBXBuildFile section */

/* Begin PBXContainerItemProxy section */
		1F0EDCF92B99D06100C73CD6 /* PBXContainerItemProxy */ = {
			isa = PBXContainerItemProxy;
			containerPortal = 1F0EDC9C2B982D1300C73CD6 /* Project object */;
			proxyType = 1;
			remoteGlobalIDString = 1F0EDCA32B982D1300C73CD6;
			remoteInfo = ProductCatalog;
		};
/* End PBXContainerItemProxy section */

/* Begin PBXFileReference section */
		1F0EDCA42B982D1300C73CD6 /* ProductCatalog.app */ = {isa = PBXFileReference; explicitFileType = wrapper.application; includeInIndex = 0; path = ProductCatalog.app; sourceTree = BUILT_PRODUCTS_DIR; };
		1F0EDCA72B982D1400C73CD6 /* ProductCatalogApp.swift */ = {isa = PBXFileReference; lastKnownFileType = sourcecode.swift; path = ProductCatalogApp.swift; sourceTree = "<group>"; };
		1F0EDCAB2B982D1500C73CD6 /* Assets.xcassets */ = {isa = PBXFileReference; lastKnownFileType = folder.assetcatalog; path = Assets.xcassets; sourceTree = "<group>"; };
		1F0EDCAE2B982D1500C73CD6 /* Preview Assets.xcassets */ = {isa = PBXFileReference; lastKnownFileType = folder.assetcatalog; path = "Preview Assets.xcassets"; sourceTree = "<group>"; };
		1F0EDCBA2B982D5C00C73CD6 /* HomeView.swift */ = {isa = PBXFileReference; lastKnownFileType = sourcecode.swift; path = HomeView.swift; sourceTree = "<group>"; };
		1F0EDCBC2B982DF800C73CD6 /* HomeController.swift */ = {isa = PBXFileReference; lastKnownFileType = sourcecode.swift; path = HomeController.swift; sourceTree = "<group>"; };
		1F0EDCBE2B982F5F00C73CD6 /* Product.swift */ = {isa = PBXFileReference; lastKnownFileType = sourcecode.swift; path = Product.swift; sourceTree = "<group>"; };
		1F0EDCC22B98360B00C73CD6 /* Protocols.swift */ = {isa = PBXFileReference; lastKnownFileType = sourcecode.swift; path = Protocols.swift; sourceTree = "<group>"; };
		1F0EDCC42B98365F00C73CD6 /* DataServices.swift */ = {isa = PBXFileReference; lastKnownFileType = sourcecode.swift; path = DataServices.swift; sourceTree = "<group>"; };
		1F0EDCC62B984BD500C73CD6 /* ViewModifiers.swift */ = {isa = PBXFileReference; lastKnownFileType = sourcecode.swift; path = ViewModifiers.swift; sourceTree = "<group>"; };
		1F0EDCC82B98525600C73CD6 /* Constants.swift */ = {isa = PBXFileReference; lastKnownFileType = sourcecode.swift; path = Constants.swift; sourceTree = "<group>"; };
		1F0EDCCA2B98729300C73CD6 /* ProductCatalogView.swift */ = {isa = PBXFileReference; lastKnownFileType = sourcecode.swift; path = ProductCatalogView.swift; sourceTree = "<group>"; };
		1F0EDCCD2B995BDB00C73CD6 /* ProductDetailView.swift */ = {isa = PBXFileReference; lastKnownFileType = sourcecode.swift; path = ProductDetailView.swift; sourceTree = "<group>"; };
		1F0EDCCF2B995E5000C73CD6 /* ImageSliderView.swift */ = {isa = PBXFileReference; lastKnownFileType = sourcecode.swift; path = ImageSliderView.swift; sourceTree = "<group>"; };
		1F0EDCF52B99D06100C73CD6 /* ProductCatalog_Tests.xctest */ = {isa = PBXFileReference; explicitFileType = wrapper.cfbundle; includeInIndex = 0; path = ProductCatalog_Tests.xctest; sourceTree = BUILT_PRODUCTS_DIR; };
		1F0EDCF72B99D06100C73CD6 /* ProductCatalog_Tests.swift */ = {isa = PBXFileReference; lastKnownFileType = sourcecode.swift; path = ProductCatalog_Tests.swift; sourceTree = "<group>"; };
		1F0EDCFE2B99D14300C73CD6 /* HomeController_Tests.swift */ = {isa = PBXFileReference; lastKnownFileType = sourcecode.swift; path = HomeController_Tests.swift; sourceTree = "<group>"; };
/* End PBXFileReference section */

/* Begin PBXFrameworksBuildPhase section */
		1F0EDCA12B982D1300C73CD6 /* Frameworks */ = {
			isa = PBXFrameworksBuildPhase;
			buildActionMask = 2147483647;
			files = (
			);
			runOnlyForDeploymentPostprocessing = 0;
		};
		1F0EDCF22B99D06100C73CD6 /* Frameworks */ = {
			isa = PBXFrameworksBuildPhase;
			buildActionMask = 2147483647;
			files = (
			);
			runOnlyForDeploymentPostprocessing = 0;
		};
/* End PBXFrameworksBuildPhase section */

/* Begin PBXGroup section */
		1F0EDC9B2B982D1300C73CD6 = {
			isa = PBXGroup;
			children = (
				1F0EDCA62B982D1300C73CD6 /* ProductCatalog */,
				1F0EDCF62B99D06100C73CD6 /* ProductCatalog_Tests */,
				1F0EDCA52B982D1300C73CD6 /* Products */,
			);
			sourceTree = "<group>";
		};
		1F0EDCA52B982D1300C73CD6 /* Products */ = {
			isa = PBXGroup;
			children = (
				1F0EDCA42B982D1300C73CD6 /* ProductCatalog.app */,
				1F0EDCF52B99D06100C73CD6 /* ProductCatalog_Tests.xctest */,
			);
			name = Products;
			sourceTree = "<group>";
		};
		1F0EDCA62B982D1300C73CD6 /* ProductCatalog */ = {
			isa = PBXGroup;
			children = (
				1F0EDCC12B9835FC00C73CD6 /* Others */,
				1F0EDCB52B982D2A00C73CD6 /* Presentation */,
				1F0EDCAD2B982D1500C73CD6 /* Preview Content */,
			);
			path = ProductCatalog;
			sourceTree = "<group>";
		};
		1F0EDCAD2B982D1500C73CD6 /* Preview Content */ = {
			isa = PBXGroup;
			children = (
				1F0EDCAE2B982D1500C73CD6 /* Preview Assets.xcassets */,
			);
			path = "Preview Content";
			sourceTree = "<group>";
		};
		1F0EDCB52B982D2A00C73CD6 /* Presentation */ = {
			isa = PBXGroup;
			children = (
				1F0EDCC02B9835EC00C73CD6 /* ProductDetail */,
				1F0EDCB62B982D3200C73CD6 /* Home */,
			);
			path = Presentation;
			sourceTree = "<group>";
		};
		1F0EDCB62B982D3200C73CD6 /* Home */ = {
			isa = PBXGroup;
			children = (
				1F0EDCB92B982D4500C73CD6 /* Model */,
				1F0EDCB82B982D3F00C73CD6 /* Controller */,
				1F0EDCB72B982D3A00C73CD6 /* View */,
			);
			path = Home;
			sourceTree = "<group>";
		};
		1F0EDCB72B982D3A00C73CD6 /* View */ = {
			isa = PBXGroup;
			children = (
				1F0EDCBA2B982D5C00C73CD6 /* HomeView.swift */,
				1F0EDCCA2B98729300C73CD6 /* ProductCatalogView.swift */,
			);
			path = View;
			sourceTree = "<group>";
		};
		1F0EDCB82B982D3F00C73CD6 /* Controller */ = {
			isa = PBXGroup;
			children = (
				1F0EDCBC2B982DF800C73CD6 /* HomeController.swift */,
			);
			path = Controller;
			sourceTree = "<group>";
		};
		1F0EDCB92B982D4500C73CD6 /* Model */ = {
			isa = PBXGroup;
			children = (
				1F0EDCBE2B982F5F00C73CD6 /* Product.swift */,
			);
			path = Model;
			sourceTree = "<group>";
		};
		1F0EDCC02B9835EC00C73CD6 /* ProductDetail */ = {
			isa = PBXGroup;
			children = (
				1F0EDCCC2B995BD000C73CD6 /* View */,
			);
			path = ProductDetail;
			sourceTree = "<group>";
		};
		1F0EDCC12B9835FC00C73CD6 /* Others */ = {
			isa = PBXGroup;
			children = (
				1F0EDCA72B982D1400C73CD6 /* ProductCatalogApp.swift */,
				1F0EDCC42B98365F00C73CD6 /* DataServices.swift */,
				1F0EDCC22B98360B00C73CD6 /* Protocols.swift */,
				1F0EDCAB2B982D1500C73CD6 /* Assets.xcassets */,
				1F0EDCC62B984BD500C73CD6 /* ViewModifiers.swift */,
				1F0EDCC82B98525600C73CD6 /* Constants.swift */,
			);
			path = Others;
			sourceTree = "<group>";
		};
		1F0EDCCC2B995BD000C73CD6 /* View */ = {
			isa = PBXGroup;
			children = (
				1F0EDCCD2B995BDB00C73CD6 /* ProductDetailView.swift */,
				1F0EDCCF2B995E5000C73CD6 /* ImageSliderView.swift */,
			);
			path = View;
			sourceTree = "<group>";
		};
		1F0EDCF62B99D06100C73CD6 /* ProductCatalog_Tests */ = {
			isa = PBXGroup;
			children = (
				1F0EDCF72B99D06100C73CD6 /* ProductCatalog_Tests.swift */,
				1F0EDCFE2B99D14300C73CD6 /* HomeController_Tests.swift */,
			);
			path = ProductCatalog_Tests;
			sourceTree = "<group>";
		};
/* End PBXGroup section */

/* Begin PBXNativeTarget section */
		1F0EDCA32B982D1300C73CD6 /* ProductCatalog */ = {
			isa = PBXNativeTarget;
			buildConfigurationList = 1F0EDCB22B982D1500C73CD6 /* Build configuration list for PBXNativeTarget "ProductCatalog" */;
			buildPhases = (
				1F0EDCA02B982D1300C73CD6 /* Sources */,
				1F0EDCA12B982D1300C73CD6 /* Frameworks */,
				1F0EDCA22B982D1300C73CD6 /* Resources */,
			);
			buildRules = (
			);
			dependencies = (
			);
			name = ProductCatalog;
			productName = ProductCatalog;
			productReference = 1F0EDCA42B982D1300C73CD6 /* ProductCatalog.app */;
			productType = "com.apple.product-type.application";
		};
		1F0EDCF42B99D06100C73CD6 /* ProductCatalog_Tests */ = {
			isa = PBXNativeTarget;
			buildConfigurationList = 1F0EDCFB2B99D06100C73CD6 /* Build configuration list for PBXNativeTarget "ProductCatalog_Tests" */;
			buildPhases = (
				1F0EDCF12B99D06100C73CD6 /* Sources */,
				1F0EDCF22B99D06100C73CD6 /* Frameworks */,
				1F0EDCF32B99D06100C73CD6 /* Resources */,
			);
			buildRules = (
			);
			dependencies = (
				1F0EDCFA2B99D06100C73CD6 /* PBXTargetDependency */,
			);
			name = ProductCatalog_Tests;
			productName = ProductCatalog_Tests;
			productReference = 1F0EDCF52B99D06100C73CD6 /* ProductCatalog_Tests.xctest */;
			productType = "com.apple.product-type.bundle.unit-test";
		};
/* End PBXNativeTarget section */

/* Begin PBXProject section */
		1F0EDC9C2B982D1300C73CD6 /* Project object */ = {
			isa = PBXProject;
			attributes = {
				BuildIndependentTargetsInParallel = 1;
				LastSwiftUpdateCheck = 1520;
				LastUpgradeCheck = 1520;
				TargetAttributes = {
					1F0EDCA32B982D1300C73CD6 = {
						CreatedOnToolsVersion = 15.2;
					};
					1F0EDCF42B99D06100C73CD6 = {
						CreatedOnToolsVersion = 15.2;
						TestTargetID = 1F0EDCA32B982D1300C73CD6;
					};
				};
			};
			buildConfigurationList = 1F0EDC9F2B982D1300C73CD6 /* Build configuration list for PBXProject "ProductCatalog" */;
			compatibilityVersion = "Xcode 14.0";
			developmentRegion = en;
			hasScannedForEncodings = 0;
			knownRegions = (
				en,
				Base,
			);
			mainGroup = 1F0EDC9B2B982D1300C73CD6;
			productRefGroup = 1F0EDCA52B982D1300C73CD6 /* Products */;
			projectDirPath = "";
			projectRoot = "";
			targets = (
				1F0EDCA32B982D1300C73CD6 /* ProductCatalog */,
				1F0EDCF42B99D06100C73CD6 /* ProductCatalog_Tests */,
			);
		};
/* End PBXProject section */

/* Begin PBXResourcesBuildPhase section */
		1F0EDCA22B982D1300C73CD6 /* Resources */ = {
			isa = PBXResourcesBuildPhase;
			buildActionMask = 2147483647;
			files = (
				1F0EDCAF2B982D1500C73CD6 /* Preview Assets.xcassets in Resources */,
				1F0EDCAC2B982D1500C73CD6 /* Assets.xcassets in Resources */,
			);
			runOnlyForDeploymentPostprocessing = 0;
		};
		1F0EDCF32B99D06100C73CD6 /* Resources */ = {
			isa = PBXResourcesBuildPhase;
			buildActionMask = 2147483647;
			files = (
			);
			runOnlyForDeploymentPostprocessing = 0;
		};
/* End PBXResourcesBuildPhase section */

/* Begin PBXSourcesBuildPhase section */
		1F0EDCA02B982D1300C73CD6 /* Sources */ = {
			isa = PBXSourcesBuildPhase;
			buildActionMask = 2147483647;
			files = (
				1F0EDCC32B98360B00C73CD6 /* Protocols.swift in Sources */,
				1F0EDCCE2B995BDB00C73CD6 /* ProductDetailView.swift in Sources */,
				1F0EDCA82B982D1400C73CD6 /* ProductCatalogApp.swift in Sources */,
				1F0EDCBF2B982F5F00C73CD6 /* Product.swift in Sources */,
				1F0EDCC52B98365F00C73CD6 /* DataServices.swift in Sources */,
				1F0EDCD02B995E5000C73CD6 /* ImageSliderView.swift in Sources */,
				1F0EDCBB2B982D5C00C73CD6 /* HomeView.swift in Sources */,
				1F0EDCBD2B982DF800C73CD6 /* HomeController.swift in Sources */,
				1F0EDCC72B984BD500C73CD6 /* ViewModifiers.swift in Sources */,
				1F0EDCC92B98525600C73CD6 /* Constants.swift in Sources */,
				1F0EDCCB2B98729300C73CD6 /* ProductCatalogView.swift in Sources */,
			);
			runOnlyForDeploymentPostprocessing = 0;
		};
		1F0EDCF12B99D06100C73CD6 /* Sources */ = {
			isa = PBXSourcesBuildPhase;
			buildActionMask = 2147483647;
			files = (
				1F0EDCFF2B99D14300C73CD6 /* HomeController_Tests.swift in Sources */,
				1F0EDCF82B99D06100C73CD6 /* ProductCatalog_Tests.swift in Sources */,
			);
			runOnlyForDeploymentPostprocessing = 0;
		};
/* End PBXSourcesBuildPhase section */

/* Begin PBXTargetDependency section */
		1F0EDCFA2B99D06100C73CD6 /* PBXTargetDependency */ = {
			isa = PBXTargetDependency;
			target = 1F0EDCA32B982D1300C73CD6 /* ProductCatalog */;
			targetProxy = 1F0EDCF92B99D06100C73CD6 /* PBXContainerItemProxy */;
		};
/* End PBXTargetDependency section */

/* Begin XCBuildConfiguration section */
		1F0EDCB02B982D1500C73CD6 /* Debug */ = {
			isa = XCBuildConfiguration;
			buildSettings = {
				ALWAYS_SEARCH_USER_PATHS = NO;
				ASSETCATALOG_COMPILER_GENERATE_SWIFT_ASSET_SYMBOL_EXTENSIONS = YES;
				CLANG_ANALYZER_NONNULL = YES;
				CLANG_ANALYZER_NUMBER_OBJECT_CONVERSION = YES_AGGRESSIVE;
				CLANG_CXX_LANGUAGE_STANDARD = "gnu++20";
				CLANG_ENABLE_MODULES = YES;
				CLANG_ENABLE_OBJC_ARC = YES;
				CLANG_ENABLE_OBJC_WEAK = YES;
				CLANG_WARN_BLOCK_CAPTURE_AUTORELEASING = YES;
				CLANG_WARN_BOOL_CONVERSION = YES;
				CLANG_WARN_COMMA = YES;
				CLANG_WARN_CONSTANT_CONVERSION = YES;
				CLANG_WARN_DEPRECATED_OBJC_IMPLEMENTATIONS = YES;
				CLANG_WARN_DIRECT_OBJC_ISA_USAGE = YES_ERROR;
				CLANG_WARN_DOCUMENTATION_COMMENTS = YES;
				CLANG_WARN_EMPTY_BODY = YES;
				CLANG_WARN_ENUM_CONVERSION = YES;
				CLANG_WARN_INFINITE_RECURSION = YES;
				CLANG_WARN_INT_CONVERSION = YES;
				CLANG_WARN_NON_LITERAL_NULL_CONVERSION = YES;
				CLANG_WARN_OBJC_IMPLICIT_RETAIN_SELF = YES;
				CLANG_WARN_OBJC_LITERAL_CONVERSION = YES;
				CLANG_WARN_OBJC_ROOT_CLASS = YES_ERROR;
				CLANG_WARN_QUOTED_INCLUDE_IN_FRAMEWORK_HEADER = YES;
				CLANG_WARN_RANGE_LOOP_ANALYSIS = YES;
				CLANG_WARN_STRICT_PROTOTYPES = YES;
				CLANG_WARN_SUSPICIOUS_MOVE = YES;
				CLANG_WARN_UNGUARDED_AVAILABILITY = YES_AGGRESSIVE;
				CLANG_WARN_UNREACHABLE_CODE = YES;
				CLANG_WARN__DUPLICATE_METHOD_MATCH = YES;
				COPY_PHASE_STRIP = NO;
				DEBUG_INFORMATION_FORMAT = dwarf;
				ENABLE_STRICT_OBJC_MSGSEND = YES;
				ENABLE_TESTABILITY = YES;
				ENABLE_USER_SCRIPT_SANDBOXING = YES;
				GCC_C_LANGUAGE_STANDARD = gnu17;
				GCC_DYNAMIC_NO_PIC = NO;
				GCC_NO_COMMON_BLOCKS = YES;
				GCC_OPTIMIZATION_LEVEL = 0;
				GCC_PREPROCESSOR_DEFINITIONS = (
					"DEBUG=1",
					"$(inherited)",
				);
				GCC_WARN_64_TO_32_BIT_CONVERSION = YES;
				GCC_WARN_ABOUT_RETURN_TYPE = YES_ERROR;
				GCC_WARN_UNDECLARED_SELECTOR = YES;
				GCC_WARN_UNINITIALIZED_AUTOS = YES_AGGRESSIVE;
				GCC_WARN_UNUSED_FUNCTION = YES;
				GCC_WARN_UNUSED_VARIABLE = YES;
				IPHONEOS_DEPLOYMENT_TARGET = 17.2;
				LOCALIZATION_PREFERS_STRING_CATALOGS = YES;
				MTL_ENABLE_DEBUG_INFO = INCLUDE_SOURCE;
				MTL_FAST_MATH = YES;
				ONLY_ACTIVE_ARCH = YES;
				SDKROOT = iphoneos;
				SWIFT_ACTIVE_COMPILATION_CONDITIONS = "DEBUG $(inherited)";
				SWIFT_OPTIMIZATION_LEVEL = "-Onone";
			};
			name = Debug;
		};
		1F0EDCB12B982D1500C73CD6 /* Release */ = {
			isa = XCBuildConfiguration;
			buildSettings = {
				ALWAYS_SEARCH_USER_PATHS = NO;
				ASSETCATALOG_COMPILER_GENERATE_SWIFT_ASSET_SYMBOL_EXTENSIONS = YES;
				CLANG_ANALYZER_NONNULL = YES;
				CLANG_ANALYZER_NUMBER_OBJECT_CONVERSION = YES_AGGRESSIVE;
				CLANG_CXX_LANGUAGE_STANDARD = "gnu++20";
				CLANG_ENABLE_MODULES = YES;
				CLANG_ENABLE_OBJC_ARC = YES;
				CLANG_ENABLE_OBJC_WEAK = YES;
				CLANG_WARN_BLOCK_CAPTURE_AUTORELEASING = YES;
				CLANG_WARN_BOOL_CONVERSION = YES;
				CLANG_WARN_COMMA = YES;
				CLANG_WARN_CONSTANT_CONVERSION = YES;
				CLANG_WARN_DEPRECATED_OBJC_IMPLEMENTATIONS = YES;
				CLANG_WARN_DIRECT_OBJC_ISA_USAGE = YES_ERROR;
				CLANG_WARN_DOCUMENTATION_COMMENTS = YES;
				CLANG_WARN_EMPTY_BODY = YES;
				CLANG_WARN_ENUM_CONVERSION = YES;
				CLANG_WARN_INFINITE_RECURSION = YES;
				CLANG_WARN_INT_CONVERSION = YES;
				CLANG_WARN_NON_LITERAL_NULL_CONVERSION = YES;
				CLANG_WARN_OBJC_IMPLICIT_RETAIN_SELF = YES;
				CLANG_WARN_OBJC_LITERAL_CONVERSION = YES;
				CLANG_WARN_OBJC_ROOT_CLASS = YES_ERROR;
				CLANG_WARN_QUOTED_INCLUDE_IN_FRAMEWORK_HEADER = YES;
				CLANG_WARN_RANGE_LOOP_ANALYSIS = YES;
				CLANG_WARN_STRICT_PROTOTYPES = YES;
				CLANG_WARN_SUSPICIOUS_MOVE = YES;
				CLANG_WARN_UNGUARDED_AVAILABILITY = YES_AGGRESSIVE;
				CLANG_WARN_UNREACHABLE_CODE = YES;
				CLANG_WARN__DUPLICATE_METHOD_MATCH = YES;
				COPY_PHASE_STRIP = NO;
				DEBUG_INFORMATION_FORMAT = "dwarf-with-dsym";
				ENABLE_NS_ASSERTIONS = NO;
				ENABLE_STRICT_OBJC_MSGSEND = YES;
				ENABLE_USER_SCRIPT_SANDBOXING = YES;
				GCC_C_LANGUAGE_STANDARD = gnu17;
				GCC_NO_COMMON_BLOCKS = YES;
				GCC_WARN_64_TO_32_BIT_CONVERSION = YES;
				GCC_WARN_ABOUT_RETURN_TYPE = YES_ERROR;
				GCC_WARN_UNDECLARED_SELECTOR = YES;
				GCC_WARN_UNINITIALIZED_AUTOS = YES_AGGRESSIVE;
				GCC_WARN_UNUSED_FUNCTION = YES;
				GCC_WARN_UNUSED_VARIABLE = YES;
				IPHONEOS_DEPLOYMENT_TARGET = 17.2;
				LOCALIZATION_PREFERS_STRING_CATALOGS = YES;
				MTL_ENABLE_DEBUG_INFO = NO;
				MTL_FAST_MATH = YES;
				SDKROOT = iphoneos;
				SWIFT_COMPILATION_MODE = wholemodule;
				VALIDATE_PRODUCT = YES;
			};
			name = Release;
		};
		1F0EDCB32B982D1500C73CD6 /* Debug */ = {
			isa = XCBuildConfiguration;
			buildSettings = {
				ASSETCATALOG_COMPILER_APPICON_NAME = AppIcon;
				ASSETCATALOG_COMPILER_GLOBAL_ACCENT_COLOR_NAME = AccentColor;
				CODE_SIGN_STYLE = Automatic;
				CURRENT_PROJECT_VERSION = 1;
				DEVELOPMENT_ASSET_PATHS = "\"ProductCatalog/Preview Content\"";
				DEVELOPMENT_TEAM = W8LX46G89C;
				ENABLE_PREVIEWS = YES;
				GENERATE_INFOPLIST_FILE = YES;
				INFOPLIST_KEY_UIApplicationSceneManifest_Generation = YES;
				INFOPLIST_KEY_UIApplicationSupportsIndirectInputEvents = YES;
				INFOPLIST_KEY_UILaunchScreen_Generation = YES;
				INFOPLIST_KEY_UISupportedInterfaceOrientations_iPad = "UIInterfaceOrientationPortrait UIInterfaceOrientationPortraitUpsideDown UIInterfaceOrientationLandscapeLeft UIInterfaceOrientationLandscapeRight";
				INFOPLIST_KEY_UISupportedInterfaceOrientations_iPhone = "UIInterfaceOrientationPortrait UIInterfaceOrientationLandscapeLeft UIInterfaceOrientationLandscapeRight";
				LD_RUNPATH_SEARCH_PATHS = (
					"$(inherited)",
					"@executable_path/Frameworks",
				);
				MARKETING_VERSION = 1.0;
				PRODUCT_BUNDLE_IDENTIFIER = com.developer.ProductCatalog;
				PRODUCT_NAME = "$(TARGET_NAME)";
				SWIFT_EMIT_LOC_STRINGS = YES;
				SWIFT_VERSION = 5.0;
				TARGETED_DEVICE_FAMILY = "1,2";
			};
			name = Debug;
		};
		1F0EDCB42B982D1500C73CD6 /* Release */ = {
			isa = XCBuildConfiguration;
			buildSettings = {
				ASSETCATALOG_COMPILER_APPICON_NAME = AppIcon;
				ASSETCATALOG_COMPILER_GLOBAL_ACCENT_COLOR_NAME = AccentColor;
				CODE_SIGN_STYLE = Automatic;
				CURRENT_PROJECT_VERSION = 1;
				DEVELOPMENT_ASSET_PATHS = "\"ProductCatalog/Preview Content\"";
				DEVELOPMENT_TEAM = W8LX46G89C;
				ENABLE_PREVIEWS = YES;
				GENERATE_INFOPLIST_FILE = YES;
				INFOPLIST_KEY_UIApplicationSceneManifest_Generation = YES;
				INFOPLIST_KEY_UIApplicationSupportsIndirectInputEvents = YES;
				INFOPLIST_KEY_UILaunchScreen_Generation = YES;
				INFOPLIST_KEY_UISupportedInterfaceOrientations_iPad = "UIInterfaceOrientationPortrait UIInterfaceOrientationPortraitUpsideDown UIInterfaceOrientationLandscapeLeft UIInterfaceOrientationLandscapeRight";
				INFOPLIST_KEY_UISupportedInterfaceOrientations_iPhone = "UIInterfaceOrientationPortrait UIInterfaceOrientationLandscapeLeft UIInterfaceOrientationLandscapeRight";
				LD_RUNPATH_SEARCH_PATHS = (
					"$(inherited)",
					"@executable_path/Frameworks",
				);
				MARKETING_VERSION = 1.0;
				PRODUCT_BUNDLE_IDENTIFIER = com.developer.ProductCatalog;
				PRODUCT_NAME = "$(TARGET_NAME)";
				SWIFT_EMIT_LOC_STRINGS = YES;
				SWIFT_VERSION = 5.0;
				TARGETED_DEVICE_FAMILY = "1,2";
			};
			name = Release;
		};
		1F0EDCFC2B99D06100C73CD6 /* Debug */ = {
			isa = XCBuildConfiguration;
			buildSettings = {
				BUNDLE_LOADER = "$(TEST_HOST)";
				CODE_SIGN_STYLE = Automatic;
				CURRENT_PROJECT_VERSION = 1;
				DEVELOPMENT_TEAM = W8LX46G89C;
				GENERATE_INFOPLIST_FILE = YES;
				MARKETING_VERSION = 1.0;
				PRODUCT_BUNDLE_IDENTIFIER = "com.developer.ProductCatalog-Tests";
				PRODUCT_NAME = "$(TARGET_NAME)";
				SWIFT_EMIT_LOC_STRINGS = NO;
				SWIFT_VERSION = 5.0;
				TARGETED_DEVICE_FAMILY = "1,2";
				TEST_HOST = "$(BUILT_PRODUCTS_DIR)/ProductCatalog.app/$(BUNDLE_EXECUTABLE_FOLDER_PATH)/ProductCatalog";
			};
			name = Debug;
		};
		1F0EDCFD2B99D06100C73CD6 /* Release */ = {
			isa = XCBuildConfiguration;
			buildSettings = {
				BUNDLE_LOADER = "$(TEST_HOST)";
				CODE_SIGN_STYLE = Automatic;
				CURRENT_PROJECT_VERSION = 1;
				DEVELOPMENT_TEAM = W8LX46G89C;
				GENERATE_INFOPLIST_FILE = YES;
				MARKETING_VERSION = 1.0;
				PRODUCT_BUNDLE_IDENTIFIER = "com.developer.ProductCatalog-Tests";
				PRODUCT_NAME = "$(TARGET_NAME)";
				SWIFT_EMIT_LOC_STRINGS = NO;
				SWIFT_VERSION = 5.0;
				TARGETED_DEVICE_FAMILY = "1,2";
				TEST_HOST = "$(BUILT_PRODUCTS_DIR)/ProductCatalog.app/$(BUNDLE_EXECUTABLE_FOLDER_PATH)/ProductCatalog";
			};
			name = Release;
		};
/* End XCBuildConfiguration section */

/* Begin XCConfigurationList section */
		1F0EDC9F2B982D1300C73CD6 /* Build configuration list for PBXProject "ProductCatalog" */ = {
			isa = XCConfigurationList;
			buildConfigurations = (
				1F0EDCB02B982D1500C73CD6 /* Debug */,
				1F0EDCB12B982D1500C73CD6 /* Release */,
			);
			defaultConfigurationIsVisible = 0;
			defaultConfigurationName = Release;
		};
		1F0EDCB22B982D1500C73CD6 /* Build configuration list for PBXNativeTarget "ProductCatalog" */ = {
			isa = XCConfigurationList;
			buildConfigurations = (
				1F0EDCB32B982D1500C73CD6 /* Debug */,
				1F0EDCB42B982D1500C73CD6 /* Release */,
			);
			defaultConfigurationIsVisible = 0;
			defaultConfigurationName = Release;
		};
		1F0EDCFB2B99D06100C73CD6 /* Build configuration list for PBXNativeTarget "ProductCatalog_Tests" */ = {
			isa = XCConfigurationList;
			buildConfigurations = (
				1F0EDCFC2B99D06100C73CD6 /* Debug */,
				1F0EDCFD2B99D06100C73CD6 /* Release */,
			);
			defaultConfigurationIsVisible = 0;
			defaultConfigurationName = Release;
		};
/* End XCConfigurationList section */
	};
	rootObject = 1F0EDC9C2B982D1300C73CD6 /* Project object */;
}
